// !$*UTF8*$!
{
	archiveVersion = 1;
	classes = {
	};
	objectVersion = 55;
	objects = {

/* Begin PBXBuildFile section */
		C202FF1C2A0A52A4000E2F15 /* LocalFeedLoader.swift in Sources */ = {isa = PBXBuildFile; fileRef = C202FF1B2A0A52A4000E2F15 /* LocalFeedLoader.swift */; };
		C202FF1E2A0A536B000E2F15 /* FeedStore.swift in Sources */ = {isa = PBXBuildFile; fileRef = C202FF1D2A0A536B000E2F15 /* FeedStore.swift */; };
		C20543F22A307131005C0E02 /* FeedCacheTestHelpers.swift in Sources */ = {isa = PBXBuildFile; fileRef = C20543F12A307131005C0E02 /* FeedCacheTestHelpers.swift */; };
		C20543F42A307257005C0E02 /* SharedTestHelpers.swift in Sources */ = {isa = PBXBuildFile; fileRef = C20543F32A307257005C0E02 /* SharedTestHelpers.swift */; };
		C216BA0E2A497A640041AF03 /* CoreDataHelpers.swift in Sources */ = {isa = PBXBuildFile; fileRef = C216BA0D2A497A640041AF03 /* CoreDataHelpers.swift */; };
		C216BA102A497BB40041AF03 /* ManagedCache.swift in Sources */ = {isa = PBXBuildFile; fileRef = C216BA0F2A497BB40041AF03 /* ManagedCache.swift */; };
		C216BA122A497C190041AF03 /* ManagedFeedImage.swift in Sources */ = {isa = PBXBuildFile; fileRef = C216BA112A497C190041AF03 /* ManagedFeedImage.swift */; };
		C21946C02A446B640022307E /* XCTestCase+FailableDeleteFeedStoreSpecs.swift in Sources */ = {isa = PBXBuildFile; fileRef = C21946BF2A446B640022307E /* XCTestCase+FailableDeleteFeedStoreSpecs.swift */; };
		C221B8122A84DA1600AF695D /* UIImage+TestHelpers.swift in Sources */ = {isa = PBXBuildFile; fileRef = C221B8112A84DA1600AF695D /* UIImage+TestHelpers.swift */; };
		C221B8142A84DB3900AF695D /* UIRefreshControl+TestHelpers.swift in Sources */ = {isa = PBXBuildFile; fileRef = C221B8132A84DB3900AF695D /* UIRefreshControl+TestHelpers.swift */; };
		C221B8162A84DBA400AF695D /* UIButton+TestHelpers.swift in Sources */ = {isa = PBXBuildFile; fileRef = C221B8152A84DBA400AF695D /* UIButton+TestHelpers.swift */; };
		C221B8182A84DC8B00AF695D /* UIControl+TestHelpers.swift in Sources */ = {isa = PBXBuildFile; fileRef = C221B8172A84DC8B00AF695D /* UIControl+TestHelpers.swift */; };
		C221B81E2A84E10900AF695D /* FeedViewController+TestHelpers.swift in Sources */ = {isa = PBXBuildFile; fileRef = C221B81D2A84E10900AF695D /* FeedViewController+TestHelpers.swift */; };
		C221B8202A84E5B400AF695D /* FeedImageCell+TestHelpers.swift in Sources */ = {isa = PBXBuildFile; fileRef = C221B81F2A84E5B400AF695D /* FeedImageCell+TestHelpers.swift */; };
		C22958882A67E46400490889 /* FeedViewController.swift in Sources */ = {isa = PBXBuildFile; fileRef = C22958872A67E46400490889 /* FeedViewController.swift */; };
		C229588A2A692D3A00490889 /* FeedImageCell.swift in Sources */ = {isa = PBXBuildFile; fileRef = C22958892A692D3A00490889 /* FeedImageCell.swift */; };
		C235ABD929B9D1ED00E47921 /* XCTestCase+MemoryLeakTracking.swift in Sources */ = {isa = PBXBuildFile; fileRef = C235ABD829B9D1ED00E47921 /* XCTestCase+MemoryLeakTracking.swift */; };
		C23996922A6172180044ED5E /* EssentialFeediOS.framework in Frameworks */ = {isa = PBXBuildFile; fileRef = C239968A2A6172180044ED5E /* EssentialFeediOS.framework */; };
		C2414B4B29FBC47A00CE5312 /* CacheFeedUseCaseTests.swift in Sources */ = {isa = PBXBuildFile; fileRef = C2414B4A29FBC47A00CE5312 /* CacheFeedUseCaseTests.swift */; };
		C24381F02A45C4250069A1C3 /* FeedStore.xcdatamodeld in Sources */ = {isa = PBXBuildFile; fileRef = C24381EE2A45C4250069A1C3 /* FeedStore.xcdatamodeld */; };
		C24B3BB82A443DDE00296E9B /* FeedStoreSpecs.swift in Sources */ = {isa = PBXBuildFile; fileRef = C24B3BB72A443DDE00296E9B /* FeedStoreSpecs.swift */; };
		C24B3BBA2A4441C800296E9B /* XCTestCase+FeedStoreSpecs.swift in Sources */ = {isa = PBXBuildFile; fileRef = C24B3BB92A4441C800296E9B /* XCTestCase+FeedStoreSpecs.swift */; };
		C24B3BBC2A444CBF00296E9B /* XCTestCase+FailableRetrieveFeedStoreSpecs.swift in Sources */ = {isa = PBXBuildFile; fileRef = C24B3BBB2A444CBF00296E9B /* XCTestCase+FailableRetrieveFeedStoreSpecs.swift */; };
		C24B3BBE2A444EA000296E9B /* XCTestCase+FailableInsertFeedStoreSpecs.swift in Sources */ = {isa = PBXBuildFile; fileRef = C24B3BBD2A444EA000296E9B /* XCTestCase+FailableInsertFeedStoreSpecs.swift */; };
		C259A849299F6E7E00E38410 /* LoadFeedFromRemoteUseCaseTests.swift in Sources */ = {isa = PBXBuildFile; fileRef = C259A848299F6E7E00E38410 /* LoadFeedFromRemoteUseCaseTests.swift */; };
		C26264B12A66895300BDD4CF /* FeedViewControllerTests.swift in Sources */ = {isa = PBXBuildFile; fileRef = C26264B02A66895300BDD4CF /* FeedViewControllerTests.swift */; };
		C26264B32A66A6EF00BDD4CF /* EssentialFeed.framework in Frameworks */ = {isa = PBXBuildFile; fileRef = C2AE2B4B299E701F00D41016 /* EssentialFeed.framework */; };
		C26264B42A66CF8900BDD4CF /* XCTestCase+MemoryLeakTracking.swift in Sources */ = {isa = PBXBuildFile; fileRef = C235ABD829B9D1ED00E47921 /* XCTestCase+MemoryLeakTracking.swift */; };
		C26ADEAE2A14F2F0008946E3 /* ValidateFeedCacheUseCaseTests.swift in Sources */ = {isa = PBXBuildFile; fileRef = C26ADEAD2A14F2F0008946E3 /* ValidateFeedCacheUseCaseTests.swift */; };
		C2706F052A318FB300156BB8 /* FeedCachePolicy.swift in Sources */ = {isa = PBXBuildFile; fileRef = C2706F042A318FB300156BB8 /* FeedCachePolicy.swift */; };
		C2848AAF29ACD4A900635CC1 /* HTTPClient.swift in Sources */ = {isa = PBXBuildFile; fileRef = C2848AAE29ACD4A900635CC1 /* HTTPClient.swift */; };
		C2848AB129ACD66500635CC1 /* FeedItemsMapper.swift in Sources */ = {isa = PBXBuildFile; fileRef = C2848AB029ACD66500635CC1 /* FeedItemsMapper.swift */; };
		C288F7F32A0B9AE30017E2DB /* RemoteFeedItem.swift in Sources */ = {isa = PBXBuildFile; fileRef = C288F7F22A0B9AE30017E2DB /* RemoteFeedItem.swift */; };
		C288F7F52A0B9B3D0017E2DB /* LocalFeedImage.swift in Sources */ = {isa = PBXBuildFile; fileRef = C288F7F42A0B9B3D0017E2DB /* LocalFeedImage.swift */; };
		C2AB6BD12A45B5A1009CEB8F /* CoreDataFeedStoreTests.swift in Sources */ = {isa = PBXBuildFile; fileRef = C2AB6BD02A45B5A1009CEB8F /* CoreDataFeedStoreTests.swift */; };
		C2AB6BD32A45B924009CEB8F /* CoreDataFeedStore.swift in Sources */ = {isa = PBXBuildFile; fileRef = C2AB6BD22A45B924009CEB8F /* CoreDataFeedStore.swift */; };
		C2AE2B54299E701F00D41016 /* EssentialFeed.framework in Frameworks */ = {isa = PBXBuildFile; fileRef = C2AE2B4B299E701F00D41016 /* EssentialFeed.framework */; };
		C2AE2B5A299E701F00D41016 /* EssentialFeed.h in Headers */ = {isa = PBXBuildFile; fileRef = C2AE2B4E299E701F00D41016 /* EssentialFeed.h */; settings = {ATTRIBUTES = (Public, ); }; };
		C2AE2B64299E703200D41016 /* FeedImage.swift in Sources */ = {isa = PBXBuildFile; fileRef = C2AE2B63299E703200D41016 /* FeedImage.swift */; };
		C2AE2B66299E71D400D41016 /* FeedLoader.swift in Sources */ = {isa = PBXBuildFile; fileRef = C2AE2B65299E71D400D41016 /* FeedLoader.swift */; };
		C2B4776E29C088A00068AD3E /* URLSessionHTTPClient.swift in Sources */ = {isa = PBXBuildFile; fileRef = C2B4776D29C088A00068AD3E /* URLSessionHTTPClient.swift */; };
		C2BE621829C0DB2D000A0819 /* EssentialFeedAPIEndToEndTests.swift in Sources */ = {isa = PBXBuildFile; fileRef = C2BE621729C0DB2D000A0819 /* EssentialFeedAPIEndToEndTests.swift */; };
		C2BE621929C0DB2D000A0819 /* EssentialFeed.framework in Frameworks */ = {isa = PBXBuildFile; fileRef = C2AE2B4B299E701F00D41016 /* EssentialFeed.framework */; };
		C2C129C429C1B70B00F1C836 /* XCTestCase+MemoryLeakTracking.swift in Sources */ = {isa = PBXBuildFile; fileRef = C235ABD829B9D1ED00E47921 /* XCTestCase+MemoryLeakTracking.swift */; };
		C2D1FF632A4C20B3004BA67B /* EssentialFeedCacheIntegrationTests.swift in Sources */ = {isa = PBXBuildFile; fileRef = C2D1FF622A4C20B3004BA67B /* EssentialFeedCacheIntegrationTests.swift */; };
		C2D1FF642A4C20B3004BA67B /* EssentialFeed.framework in Frameworks */ = {isa = PBXBuildFile; fileRef = C2AE2B4B299E701F00D41016 /* EssentialFeed.framework */; };
		C2D1FF6A2A4C7549004BA67B /* XCTestCase+MemoryLeakTracking.swift in Sources */ = {isa = PBXBuildFile; fileRef = C235ABD829B9D1ED00E47921 /* XCTestCase+MemoryLeakTracking.swift */; };
		C2D1FF6B2A4C82EB004BA67B /* FeedCacheTestHelpers.swift in Sources */ = {isa = PBXBuildFile; fileRef = C20543F12A307131005C0E02 /* FeedCacheTestHelpers.swift */; };
		C2D1FF6C2A4C8AC9004BA67B /* SharedTestHelpers.swift in Sources */ = {isa = PBXBuildFile; fileRef = C20543F32A307257005C0E02 /* SharedTestHelpers.swift */; };
		C2D8CAA229B5D272008886AD /* URLSessionHTTPClientTests.swift in Sources */ = {isa = PBXBuildFile; fileRef = C2D8CAA129B5D272008886AD /* URLSessionHTTPClientTests.swift */; };
		C2D934FF2A0D0254005F7ED1 /* LoadFeedFromCacheUseCaseTests.swift in Sources */ = {isa = PBXBuildFile; fileRef = C2D934FE2A0D0254005F7ED1 /* LoadFeedFromCacheUseCaseTests.swift */; };
		C2D935022A0D06BE005F7ED1 /* FeedStoreSpy.swift in Sources */ = {isa = PBXBuildFile; fileRef = C2D935012A0D06BE005F7ED1 /* FeedStoreSpy.swift */; };
		C2DA163A29A1168D0000E79F /* RemoteFeedLoader.swift in Sources */ = {isa = PBXBuildFile; fileRef = C2DA163929A1168D0000E79F /* RemoteFeedLoader.swift */; };
		C2E368992A711814005C8E24 /* UIView+Shimmering.swift in Sources */ = {isa = PBXBuildFile; fileRef = C2E368982A711814005C8E24 /* UIView+Shimmering.swift */; };
/* End PBXBuildFile section */

/* Begin PBXContainerItemProxy section */
		C23996932A6172180044ED5E /* PBXContainerItemProxy */ = {
			isa = PBXContainerItemProxy;
			containerPortal = C2AE2B42299E701F00D41016 /* Project object */;
			proxyType = 1;
			remoteGlobalIDString = C23996892A6172180044ED5E;
			remoteInfo = EssentialFeediOS;
		};
		C2AE2B55299E701F00D41016 /* PBXContainerItemProxy */ = {
			isa = PBXContainerItemProxy;
			containerPortal = C2AE2B42299E701F00D41016 /* Project object */;
			proxyType = 1;
			remoteGlobalIDString = C2AE2B4A299E701F00D41016;
			remoteInfo = EssentialFeed;
		};
		C2BE621A29C0DB2D000A0819 /* PBXContainerItemProxy */ = {
			isa = PBXContainerItemProxy;
			containerPortal = C2AE2B42299E701F00D41016 /* Project object */;
			proxyType = 1;
			remoteGlobalIDString = C2AE2B4A299E701F00D41016;
			remoteInfo = EssentialFeed;
		};
		C2D1FF652A4C20B3004BA67B /* PBXContainerItemProxy */ = {
			isa = PBXContainerItemProxy;
			containerPortal = C2AE2B42299E701F00D41016 /* Project object */;
			proxyType = 1;
			remoteGlobalIDString = C2AE2B4A299E701F00D41016;
			remoteInfo = EssentialFeed;
		};
/* End PBXContainerItemProxy section */

/* Begin PBXFileReference section */
		C202FF1B2A0A52A4000E2F15 /* LocalFeedLoader.swift */ = {isa = PBXFileReference; lastKnownFileType = sourcecode.swift; path = LocalFeedLoader.swift; sourceTree = "<group>"; };
		C202FF1D2A0A536B000E2F15 /* FeedStore.swift */ = {isa = PBXFileReference; lastKnownFileType = sourcecode.swift; path = FeedStore.swift; sourceTree = "<group>"; };
		C20543F12A307131005C0E02 /* FeedCacheTestHelpers.swift */ = {isa = PBXFileReference; lastKnownFileType = sourcecode.swift; path = FeedCacheTestHelpers.swift; sourceTree = "<group>"; };
		C20543F32A307257005C0E02 /* SharedTestHelpers.swift */ = {isa = PBXFileReference; lastKnownFileType = sourcecode.swift; path = SharedTestHelpers.swift; sourceTree = "<group>"; };
		C216BA0D2A497A640041AF03 /* CoreDataHelpers.swift */ = {isa = PBXFileReference; lastKnownFileType = sourcecode.swift; path = CoreDataHelpers.swift; sourceTree = "<group>"; };
		C216BA0F2A497BB40041AF03 /* ManagedCache.swift */ = {isa = PBXFileReference; lastKnownFileType = sourcecode.swift; path = ManagedCache.swift; sourceTree = "<group>"; };
		C216BA112A497C190041AF03 /* ManagedFeedImage.swift */ = {isa = PBXFileReference; lastKnownFileType = sourcecode.swift; path = ManagedFeedImage.swift; sourceTree = "<group>"; };
		C21946BF2A446B640022307E /* XCTestCase+FailableDeleteFeedStoreSpecs.swift */ = {isa = PBXFileReference; lastKnownFileType = sourcecode.swift; path = "XCTestCase+FailableDeleteFeedStoreSpecs.swift"; sourceTree = "<group>"; };
		C221B8112A84DA1600AF695D /* UIImage+TestHelpers.swift */ = {isa = PBXFileReference; lastKnownFileType = sourcecode.swift; path = "UIImage+TestHelpers.swift"; sourceTree = "<group>"; };
		C221B8132A84DB3900AF695D /* UIRefreshControl+TestHelpers.swift */ = {isa = PBXFileReference; lastKnownFileType = sourcecode.swift; path = "UIRefreshControl+TestHelpers.swift"; sourceTree = "<group>"; };
		C221B8152A84DBA400AF695D /* UIButton+TestHelpers.swift */ = {isa = PBXFileReference; lastKnownFileType = sourcecode.swift; path = "UIButton+TestHelpers.swift"; sourceTree = "<group>"; };
		C221B8172A84DC8B00AF695D /* UIControl+TestHelpers.swift */ = {isa = PBXFileReference; lastKnownFileType = sourcecode.swift; path = "UIControl+TestHelpers.swift"; sourceTree = "<group>"; };
		C221B81D2A84E10900AF695D /* FeedViewController+TestHelpers.swift */ = {isa = PBXFileReference; lastKnownFileType = sourcecode.swift; path = "FeedViewController+TestHelpers.swift"; sourceTree = "<group>"; };
		C221B81F2A84E5B400AF695D /* FeedImageCell+TestHelpers.swift */ = {isa = PBXFileReference; lastKnownFileType = sourcecode.swift; path = "FeedImageCell+TestHelpers.swift"; sourceTree = "<group>"; };
		C22958872A67E46400490889 /* FeedViewController.swift */ = {isa = PBXFileReference; lastKnownFileType = sourcecode.swift; path = FeedViewController.swift; sourceTree = "<group>"; };
		C22958892A692D3A00490889 /* FeedImageCell.swift */ = {isa = PBXFileReference; lastKnownFileType = sourcecode.swift; path = FeedImageCell.swift; sourceTree = "<group>"; };
		C235ABD829B9D1ED00E47921 /* XCTestCase+MemoryLeakTracking.swift */ = {isa = PBXFileReference; lastKnownFileType = sourcecode.swift; path = "XCTestCase+MemoryLeakTracking.swift"; sourceTree = "<group>"; };
		C239968A2A6172180044ED5E /* EssentialFeediOS.framework */ = {isa = PBXFileReference; explicitFileType = wrapper.framework; includeInIndex = 0; path = EssentialFeediOS.framework; sourceTree = BUILT_PRODUCTS_DIR; };
		C23996912A6172180044ED5E /* EssentialFeediOSTests.xctest */ = {isa = PBXFileReference; explicitFileType = wrapper.cfbundle; includeInIndex = 0; path = EssentialFeediOSTests.xctest; sourceTree = BUILT_PRODUCTS_DIR; };
		C2414B4A29FBC47A00CE5312 /* CacheFeedUseCaseTests.swift */ = {isa = PBXFileReference; lastKnownFileType = sourcecode.swift; path = CacheFeedUseCaseTests.swift; sourceTree = "<group>"; };
		C24381EF2A45C4250069A1C3 /* FeedStore.xcdatamodel */ = {isa = PBXFileReference; lastKnownFileType = wrapper.xcdatamodel; path = FeedStore.xcdatamodel; sourceTree = "<group>"; };
		C24B3BB72A443DDE00296E9B /* FeedStoreSpecs.swift */ = {isa = PBXFileReference; fileEncoding = 4; lastKnownFileType = sourcecode.swift; path = FeedStoreSpecs.swift; sourceTree = "<group>"; };
		C24B3BB92A4441C800296E9B /* XCTestCase+FeedStoreSpecs.swift */ = {isa = PBXFileReference; fileEncoding = 4; lastKnownFileType = sourcecode.swift; path = "XCTestCase+FeedStoreSpecs.swift"; sourceTree = "<group>"; };
		C24B3BBB2A444CBF00296E9B /* XCTestCase+FailableRetrieveFeedStoreSpecs.swift */ = {isa = PBXFileReference; lastKnownFileType = sourcecode.swift; path = "XCTestCase+FailableRetrieveFeedStoreSpecs.swift"; sourceTree = "<group>"; };
		C24B3BBD2A444EA000296E9B /* XCTestCase+FailableInsertFeedStoreSpecs.swift */ = {isa = PBXFileReference; lastKnownFileType = sourcecode.swift; path = "XCTestCase+FailableInsertFeedStoreSpecs.swift"; sourceTree = "<group>"; };
		C259A848299F6E7E00E38410 /* LoadFeedFromRemoteUseCaseTests.swift */ = {isa = PBXFileReference; lastKnownFileType = sourcecode.swift; path = LoadFeedFromRemoteUseCaseTests.swift; sourceTree = "<group>"; };
		C26264B02A66895300BDD4CF /* FeedViewControllerTests.swift */ = {isa = PBXFileReference; lastKnownFileType = sourcecode.swift; path = FeedViewControllerTests.swift; sourceTree = "<group>"; };
		C26ADEAD2A14F2F0008946E3 /* ValidateFeedCacheUseCaseTests.swift */ = {isa = PBXFileReference; lastKnownFileType = sourcecode.swift; path = ValidateFeedCacheUseCaseTests.swift; sourceTree = "<group>"; };
		C2706F042A318FB300156BB8 /* FeedCachePolicy.swift */ = {isa = PBXFileReference; lastKnownFileType = sourcecode.swift; path = FeedCachePolicy.swift; sourceTree = "<group>"; };
		C2848AAE29ACD4A900635CC1 /* HTTPClient.swift */ = {isa = PBXFileReference; lastKnownFileType = sourcecode.swift; path = HTTPClient.swift; sourceTree = "<group>"; };
		C2848AB029ACD66500635CC1 /* FeedItemsMapper.swift */ = {isa = PBXFileReference; lastKnownFileType = sourcecode.swift; path = FeedItemsMapper.swift; sourceTree = "<group>"; };
		C288F7F22A0B9AE30017E2DB /* RemoteFeedItem.swift */ = {isa = PBXFileReference; lastKnownFileType = sourcecode.swift; path = RemoteFeedItem.swift; sourceTree = "<group>"; };
		C288F7F42A0B9B3D0017E2DB /* LocalFeedImage.swift */ = {isa = PBXFileReference; lastKnownFileType = sourcecode.swift; path = LocalFeedImage.swift; sourceTree = "<group>"; };
		C2AB6BD02A45B5A1009CEB8F /* CoreDataFeedStoreTests.swift */ = {isa = PBXFileReference; lastKnownFileType = sourcecode.swift; path = CoreDataFeedStoreTests.swift; sourceTree = "<group>"; };
		C2AB6BD22A45B924009CEB8F /* CoreDataFeedStore.swift */ = {isa = PBXFileReference; lastKnownFileType = sourcecode.swift; path = CoreDataFeedStore.swift; sourceTree = "<group>"; };
		C2AE2B4B299E701F00D41016 /* EssentialFeed.framework */ = {isa = PBXFileReference; explicitFileType = wrapper.framework; includeInIndex = 0; path = EssentialFeed.framework; sourceTree = BUILT_PRODUCTS_DIR; };
		C2AE2B4E299E701F00D41016 /* EssentialFeed.h */ = {isa = PBXFileReference; lastKnownFileType = sourcecode.c.h; path = EssentialFeed.h; sourceTree = "<group>"; };
		C2AE2B53299E701F00D41016 /* EssentialFeedTests.xctest */ = {isa = PBXFileReference; explicitFileType = wrapper.cfbundle; includeInIndex = 0; path = EssentialFeedTests.xctest; sourceTree = BUILT_PRODUCTS_DIR; };
		C2AE2B63299E703200D41016 /* FeedImage.swift */ = {isa = PBXFileReference; lastKnownFileType = sourcecode.swift; path = FeedImage.swift; sourceTree = "<group>"; };
		C2AE2B65299E71D400D41016 /* FeedLoader.swift */ = {isa = PBXFileReference; lastKnownFileType = sourcecode.swift; path = FeedLoader.swift; sourceTree = "<group>"; };
		C2B4776D29C088A00068AD3E /* URLSessionHTTPClient.swift */ = {isa = PBXFileReference; lastKnownFileType = sourcecode.swift; path = URLSessionHTTPClient.swift; sourceTree = "<group>"; };
		C2BE621529C0DB2D000A0819 /* EssentialFeedAPIEndToEndTests.xctest */ = {isa = PBXFileReference; explicitFileType = wrapper.cfbundle; includeInIndex = 0; path = EssentialFeedAPIEndToEndTests.xctest; sourceTree = BUILT_PRODUCTS_DIR; };
		C2BE621729C0DB2D000A0819 /* EssentialFeedAPIEndToEndTests.swift */ = {isa = PBXFileReference; lastKnownFileType = sourcecode.swift; path = EssentialFeedAPIEndToEndTests.swift; sourceTree = "<group>"; };
		C2D1FF602A4C20B3004BA67B /* EssentialFeedCacheIntegrationTests.xctest */ = {isa = PBXFileReference; explicitFileType = wrapper.cfbundle; includeInIndex = 0; path = EssentialFeedCacheIntegrationTests.xctest; sourceTree = BUILT_PRODUCTS_DIR; };
		C2D1FF622A4C20B3004BA67B /* EssentialFeedCacheIntegrationTests.swift */ = {isa = PBXFileReference; lastKnownFileType = sourcecode.swift; path = EssentialFeedCacheIntegrationTests.swift; sourceTree = "<group>"; };
		C2D8CAA129B5D272008886AD /* URLSessionHTTPClientTests.swift */ = {isa = PBXFileReference; lastKnownFileType = sourcecode.swift; path = URLSessionHTTPClientTests.swift; sourceTree = "<group>"; };
		C2D934FE2A0D0254005F7ED1 /* LoadFeedFromCacheUseCaseTests.swift */ = {isa = PBXFileReference; lastKnownFileType = sourcecode.swift; path = LoadFeedFromCacheUseCaseTests.swift; sourceTree = "<group>"; };
		C2D935012A0D06BE005F7ED1 /* FeedStoreSpy.swift */ = {isa = PBXFileReference; lastKnownFileType = sourcecode.swift; path = FeedStoreSpy.swift; sourceTree = "<group>"; };
		C2DA163929A1168D0000E79F /* RemoteFeedLoader.swift */ = {isa = PBXFileReference; lastKnownFileType = sourcecode.swift; path = RemoteFeedLoader.swift; sourceTree = "<group>"; };
		C2E368982A711814005C8E24 /* UIView+Shimmering.swift */ = {isa = PBXFileReference; lastKnownFileType = sourcecode.swift; path = "UIView+Shimmering.swift"; sourceTree = "<group>"; };
/* End PBXFileReference section */

/* Begin PBXFrameworksBuildPhase section */
		C23996872A6172180044ED5E /* Frameworks */ = {
			isa = PBXFrameworksBuildPhase;
			buildActionMask = 2147483647;
			files = (
				C26264B32A66A6EF00BDD4CF /* EssentialFeed.framework in Frameworks */,
			);
			runOnlyForDeploymentPostprocessing = 0;
		};
		C239968E2A6172180044ED5E /* Frameworks */ = {
			isa = PBXFrameworksBuildPhase;
			buildActionMask = 2147483647;
			files = (
				C23996922A6172180044ED5E /* EssentialFeediOS.framework in Frameworks */,
			);
			runOnlyForDeploymentPostprocessing = 0;
		};
		C2AE2B48299E701F00D41016 /* Frameworks */ = {
			isa = PBXFrameworksBuildPhase;
			buildActionMask = 2147483647;
			files = (
			);
			runOnlyForDeploymentPostprocessing = 0;
		};
		C2AE2B50299E701F00D41016 /* Frameworks */ = {
			isa = PBXFrameworksBuildPhase;
			buildActionMask = 2147483647;
			files = (
				C2AE2B54299E701F00D41016 /* EssentialFeed.framework in Frameworks */,
			);
			runOnlyForDeploymentPostprocessing = 0;
		};
		C2BE621229C0DB2D000A0819 /* Frameworks */ = {
			isa = PBXFrameworksBuildPhase;
			buildActionMask = 2147483647;
			files = (
				C2BE621929C0DB2D000A0819 /* EssentialFeed.framework in Frameworks */,
			);
			runOnlyForDeploymentPostprocessing = 0;
		};
		C2D1FF5D2A4C20B3004BA67B /* Frameworks */ = {
			isa = PBXFrameworksBuildPhase;
			buildActionMask = 2147483647;
			files = (
				C2D1FF642A4C20B3004BA67B /* EssentialFeed.framework in Frameworks */,
			);
			runOnlyForDeploymentPostprocessing = 0;
		};
/* End PBXFrameworksBuildPhase section */

/* Begin PBXGroup section */
		C202FF1A2A0A527F000E2F15 /* Feed Cache */ = {
			isa = PBXGroup;
			children = (
				C216BA0A2A4977850041AF03 /* Infrastructure */,
				C202FF1B2A0A52A4000E2F15 /* LocalFeedLoader.swift */,
				C202FF1D2A0A536B000E2F15 /* FeedStore.swift */,
				C288F7F42A0B9B3D0017E2DB /* LocalFeedImage.swift */,
				C2706F042A318FB300156BB8 /* FeedCachePolicy.swift */,
			);
			path = "Feed Cache";
			sourceTree = "<group>";
		};
		C216BA0A2A4977850041AF03 /* Infrastructure */ = {
			isa = PBXGroup;
			children = (
				C216BA0B2A4978110041AF03 /* CoreData */,
			);
			path = Infrastructure;
			sourceTree = "<group>";
		};
		C216BA0B2A4978110041AF03 /* CoreData */ = {
			isa = PBXGroup;
			children = (
				C2AB6BD22A45B924009CEB8F /* CoreDataFeedStore.swift */,
				C24381EE2A45C4250069A1C3 /* FeedStore.xcdatamodeld */,
				C216BA0D2A497A640041AF03 /* CoreDataHelpers.swift */,
				C216BA0F2A497BB40041AF03 /* ManagedCache.swift */,
				C216BA112A497C190041AF03 /* ManagedFeedImage.swift */,
			);
			path = CoreData;
			sourceTree = "<group>";
		};
		C21946C12A446DF90022307E /* FeedStoreSpecs */ = {
			isa = PBXGroup;
			children = (
				C24B3BB72A443DDE00296E9B /* FeedStoreSpecs.swift */,
				C24B3BB92A4441C800296E9B /* XCTestCase+FeedStoreSpecs.swift */,
				C24B3BBB2A444CBF00296E9B /* XCTestCase+FailableRetrieveFeedStoreSpecs.swift */,
				C24B3BBD2A444EA000296E9B /* XCTestCase+FailableInsertFeedStoreSpecs.swift */,
				C21946BF2A446B640022307E /* XCTestCase+FailableDeleteFeedStoreSpecs.swift */,
			);
			path = FeedStoreSpecs;
			sourceTree = "<group>";
		};
		C221B8102A84D9ED00AF695D /* Helpers */ = {
			isa = PBXGroup;
			children = (
				C221B8112A84DA1600AF695D /* UIImage+TestHelpers.swift */,
				C221B8132A84DB3900AF695D /* UIRefreshControl+TestHelpers.swift */,
				C221B8152A84DBA400AF695D /* UIButton+TestHelpers.swift */,
				C221B8172A84DC8B00AF695D /* UIControl+TestHelpers.swift */,
			);
			path = Helpers;
			sourceTree = "<group>";
		};
		C221B8192A84DEBC00AF695D /* Controllers */ = {
			isa = PBXGroup;
			children = (
				C22958872A67E46400490889 /* FeedViewController.swift */,
			);
			path = Controllers;
			sourceTree = "<group>";
		};
		C221B81A2A84DF1800AF695D /* Views */ = {
			isa = PBXGroup;
			children = (
				C22958892A692D3A00490889 /* FeedImageCell.swift */,
				C2E368982A711814005C8E24 /* UIView+Shimmering.swift */,
			);
			path = Views;
			sourceTree = "<group>";
		};
		C221B81B2A84DF4C00AF695D /* Controllers */ = {
			isa = PBXGroup;
			children = (
				C221B81C2A84E08C00AF695D /* Helpers */,
				C26264B02A66895300BDD4CF /* FeedViewControllerTests.swift */,
			);
			path = Controllers;
			sourceTree = "<group>";
		};
		C221B81C2A84E08C00AF695D /* Helpers */ = {
			isa = PBXGroup;
			children = (
				C221B81D2A84E10900AF695D /* FeedViewController+TestHelpers.swift */,
				C221B81F2A84E5B400AF695D /* FeedImageCell+TestHelpers.swift */,
			);
			path = Helpers;
			sourceTree = "<group>";
		};
		C235ABD729B9D1C100E47921 /* Helpers */ = {
			isa = PBXGroup;
			children = (
				C235ABD829B9D1ED00E47921 /* XCTestCase+MemoryLeakTracking.swift */,
				C20543F32A307257005C0E02 /* SharedTestHelpers.swift */,
			);
			path = Helpers;
			sourceTree = "<group>";
		};
		C239968B2A6172180044ED5E /* EssentialFeediOS */ = {
			isa = PBXGroup;
			children = (
				C221B81A2A84DF1800AF695D /* Views */,
				C221B8192A84DEBC00AF695D /* Controllers */,
			);
			path = EssentialFeediOS;
			sourceTree = "<group>";
		};
		C23996952A6172180044ED5E /* EssentialFeediOSTests */ = {
			isa = PBXGroup;
			children = (
				C221B81B2A84DF4C00AF695D /* Controllers */,
				C221B8102A84D9ED00AF695D /* Helpers */,
			);
			path = EssentialFeediOSTests;
			sourceTree = "<group>";
		};
		C2414B4929FBC3E900CE5312 /* Feed Cache */ = {
			isa = PBXGroup;
			children = (
				C21946C12A446DF90022307E /* FeedStoreSpecs */,
				C2414B4A29FBC47A00CE5312 /* CacheFeedUseCaseTests.swift */,
				C2D935002A0D06AC005F7ED1 /* Helpers */,
				C2D934FE2A0D0254005F7ED1 /* LoadFeedFromCacheUseCaseTests.swift */,
				C26ADEAD2A14F2F0008946E3 /* ValidateFeedCacheUseCaseTests.swift */,
				C2AB6BD02A45B5A1009CEB8F /* CoreDataFeedStoreTests.swift */,
			);
			path = "Feed Cache";
			sourceTree = "<group>";
		};
		C26264B22A66A6EF00BDD4CF /* Frameworks */ = {
			isa = PBXGroup;
			children = (
			);
			name = Frameworks;
			sourceTree = "<group>";
		};
		C273851A29AEFBE60084BA5D /* Feed API */ = {
			isa = PBXGroup;
			children = (
				C259A848299F6E7E00E38410 /* LoadFeedFromRemoteUseCaseTests.swift */,
				C2D8CAA129B5D272008886AD /* URLSessionHTTPClientTests.swift */,
			);
			path = "Feed API";
			sourceTree = "<group>";
		};
		C2AE2B41299E701F00D41016 = {
			isa = PBXGroup;
			children = (
				C2AE2B4D299E701F00D41016 /* EssentialFeed */,
				C2AE2B57299E701F00D41016 /* EssentialFeedTests */,
				C2BE621629C0DB2D000A0819 /* EssentialFeedAPIEndToEndTests */,
				C2D1FF612A4C20B3004BA67B /* EssentialFeedCacheIntegrationTests */,
				C239968B2A6172180044ED5E /* EssentialFeediOS */,
				C23996952A6172180044ED5E /* EssentialFeediOSTests */,
				C2AE2B4C299E701F00D41016 /* Products */,
				C26264B22A66A6EF00BDD4CF /* Frameworks */,
			);
			sourceTree = "<group>";
		};
		C2AE2B4C299E701F00D41016 /* Products */ = {
			isa = PBXGroup;
			children = (
				C2AE2B4B299E701F00D41016 /* EssentialFeed.framework */,
				C2AE2B53299E701F00D41016 /* EssentialFeedTests.xctest */,
				C2BE621529C0DB2D000A0819 /* EssentialFeedAPIEndToEndTests.xctest */,
				C2D1FF602A4C20B3004BA67B /* EssentialFeedCacheIntegrationTests.xctest */,
				C239968A2A6172180044ED5E /* EssentialFeediOS.framework */,
				C23996912A6172180044ED5E /* EssentialFeediOSTests.xctest */,
			);
			name = Products;
			sourceTree = "<group>";
		};
		C2AE2B4D299E701F00D41016 /* EssentialFeed */ = {
			isa = PBXGroup;
			children = (
				C2AE2B4E299E701F00D41016 /* EssentialFeed.h */,
				C202FF1A2A0A527F000E2F15 /* Feed Cache */,
				C2AE2B68299E73A600D41016 /* Feed Feature */,
				C2DA163829A116530000E79F /* Feed API */,
			);
			path = EssentialFeed;
			sourceTree = "<group>";
		};
		C2AE2B57299E701F00D41016 /* EssentialFeedTests */ = {
			isa = PBXGroup;
			children = (
				C235ABD729B9D1C100E47921 /* Helpers */,
				C2414B4929FBC3E900CE5312 /* Feed Cache */,
				C273851A29AEFBE60084BA5D /* Feed API */,
			);
			path = EssentialFeedTests;
			sourceTree = "<group>";
		};
		C2AE2B68299E73A600D41016 /* Feed Feature */ = {
			isa = PBXGroup;
			children = (
				C2AE2B63299E703200D41016 /* FeedImage.swift */,
				C2AE2B65299E71D400D41016 /* FeedLoader.swift */,
			);
			path = "Feed Feature";
			sourceTree = "<group>";
		};
		C2BE621629C0DB2D000A0819 /* EssentialFeedAPIEndToEndTests */ = {
			isa = PBXGroup;
			children = (
				C2BE621729C0DB2D000A0819 /* EssentialFeedAPIEndToEndTests.swift */,
			);
			path = EssentialFeedAPIEndToEndTests;
			sourceTree = "<group>";
		};
		C2D1FF612A4C20B3004BA67B /* EssentialFeedCacheIntegrationTests */ = {
			isa = PBXGroup;
			children = (
				C2D1FF622A4C20B3004BA67B /* EssentialFeedCacheIntegrationTests.swift */,
			);
			path = EssentialFeedCacheIntegrationTests;
			sourceTree = "<group>";
		};
		C2D935002A0D06AC005F7ED1 /* Helpers */ = {
			isa = PBXGroup;
			children = (
				C2D935012A0D06BE005F7ED1 /* FeedStoreSpy.swift */,
				C20543F12A307131005C0E02 /* FeedCacheTestHelpers.swift */,
			);
			path = Helpers;
			sourceTree = "<group>";
		};
		C2DA163829A116530000E79F /* Feed API */ = {
			isa = PBXGroup;
			children = (
				C2848AB029ACD66500635CC1 /* FeedItemsMapper.swift */,
				C288F7F22A0B9AE30017E2DB /* RemoteFeedItem.swift */,
				C2848AAE29ACD4A900635CC1 /* HTTPClient.swift */,
				C2DA163929A1168D0000E79F /* RemoteFeedLoader.swift */,
				C2B4776D29C088A00068AD3E /* URLSessionHTTPClient.swift */,
			);
			path = "Feed API";
			sourceTree = "<group>";
		};
/* End PBXGroup section */

/* Begin PBXHeadersBuildPhase section */
		C23996852A6172180044ED5E /* Headers */ = {
			isa = PBXHeadersBuildPhase;
			buildActionMask = 2147483647;
			files = (
			);
			runOnlyForDeploymentPostprocessing = 0;
		};
		C2AE2B46299E701F00D41016 /* Headers */ = {
			isa = PBXHeadersBuildPhase;
			buildActionMask = 2147483647;
			files = (
				C2AE2B5A299E701F00D41016 /* EssentialFeed.h in Headers */,
			);
			runOnlyForDeploymentPostprocessing = 0;
		};
/* End PBXHeadersBuildPhase section */

/* Begin PBXNativeTarget section */
		C23996892A6172180044ED5E /* EssentialFeediOS */ = {
			isa = PBXNativeTarget;
			buildConfigurationList = C23996992A6172180044ED5E /* Build configuration list for PBXNativeTarget "EssentialFeediOS" */;
			buildPhases = (
				C23996852A6172180044ED5E /* Headers */,
				C23996862A6172180044ED5E /* Sources */,
				C23996872A6172180044ED5E /* Frameworks */,
				C23996882A6172180044ED5E /* Resources */,
			);
			buildRules = (
			);
			dependencies = (
			);
			name = EssentialFeediOS;
			productName = EssentialFeediOS;
			productReference = C239968A2A6172180044ED5E /* EssentialFeediOS.framework */;
			productType = "com.apple.product-type.framework";
		};
		C23996902A6172180044ED5E /* EssentialFeediOSTests */ = {
			isa = PBXNativeTarget;
			buildConfigurationList = C239969C2A6172180044ED5E /* Build configuration list for PBXNativeTarget "EssentialFeediOSTests" */;
			buildPhases = (
				C239968D2A6172180044ED5E /* Sources */,
				C239968E2A6172180044ED5E /* Frameworks */,
				C239968F2A6172180044ED5E /* Resources */,
			);
			buildRules = (
			);
			dependencies = (
				C23996942A6172180044ED5E /* PBXTargetDependency */,
			);
			name = EssentialFeediOSTests;
			productName = EssentialFeediOSTests;
			productReference = C23996912A6172180044ED5E /* EssentialFeediOSTests.xctest */;
			productType = "com.apple.product-type.bundle.unit-test";
		};
		C2AE2B4A299E701F00D41016 /* EssentialFeed */ = {
			isa = PBXNativeTarget;
			buildConfigurationList = C2AE2B5D299E701F00D41016 /* Build configuration list for PBXNativeTarget "EssentialFeed" */;
			buildPhases = (
				C2AE2B46299E701F00D41016 /* Headers */,
				C2AE2B47299E701F00D41016 /* Sources */,
				C2AE2B48299E701F00D41016 /* Frameworks */,
				C2AE2B49299E701F00D41016 /* Resources */,
			);
			buildRules = (
			);
			dependencies = (
			);
			name = EssentialFeed;
			productName = EssentialFeed;
			productReference = C2AE2B4B299E701F00D41016 /* EssentialFeed.framework */;
			productType = "com.apple.product-type.framework";
		};
		C2AE2B52299E701F00D41016 /* EssentialFeedTests */ = {
			isa = PBXNativeTarget;
			buildConfigurationList = C2AE2B60299E701F00D41016 /* Build configuration list for PBXNativeTarget "EssentialFeedTests" */;
			buildPhases = (
				C2AE2B4F299E701F00D41016 /* Sources */,
				C2AE2B50299E701F00D41016 /* Frameworks */,
				C2AE2B51299E701F00D41016 /* Resources */,
			);
			buildRules = (
			);
			dependencies = (
				C2AE2B56299E701F00D41016 /* PBXTargetDependency */,
			);
			name = EssentialFeedTests;
			productName = EssentialFeedTests;
			productReference = C2AE2B53299E701F00D41016 /* EssentialFeedTests.xctest */;
			productType = "com.apple.product-type.bundle.unit-test";
		};
		C2BE621429C0DB2D000A0819 /* EssentialFeedAPIEndToEndTests */ = {
			isa = PBXNativeTarget;
			buildConfigurationList = C2BE621E29C0DB2D000A0819 /* Build configuration list for PBXNativeTarget "EssentialFeedAPIEndToEndTests" */;
			buildPhases = (
				C2BE621129C0DB2D000A0819 /* Sources */,
				C2BE621229C0DB2D000A0819 /* Frameworks */,
				C2BE621329C0DB2D000A0819 /* Resources */,
			);
			buildRules = (
			);
			dependencies = (
				C2BE621B29C0DB2D000A0819 /* PBXTargetDependency */,
			);
			name = EssentialFeedAPIEndToEndTests;
			productName = EssentialFeedAPIEndToEndTests;
			productReference = C2BE621529C0DB2D000A0819 /* EssentialFeedAPIEndToEndTests.xctest */;
			productType = "com.apple.product-type.bundle.unit-test";
		};
		C2D1FF5F2A4C20B3004BA67B /* EssentialFeedCacheIntegrationTests */ = {
			isa = PBXNativeTarget;
			buildConfigurationList = C2D1FF692A4C20B3004BA67B /* Build configuration list for PBXNativeTarget "EssentialFeedCacheIntegrationTests" */;
			buildPhases = (
				C2D1FF5C2A4C20B3004BA67B /* Sources */,
				C2D1FF5D2A4C20B3004BA67B /* Frameworks */,
				C2D1FF5E2A4C20B3004BA67B /* Resources */,
			);
			buildRules = (
			);
			dependencies = (
				C2D1FF662A4C20B3004BA67B /* PBXTargetDependency */,
			);
			name = EssentialFeedCacheIntegrationTests;
			productName = EssentialFeedCacheIntegrationTests;
			productReference = C2D1FF602A4C20B3004BA67B /* EssentialFeedCacheIntegrationTests.xctest */;
			productType = "com.apple.product-type.bundle.unit-test";
		};
/* End PBXNativeTarget section */

/* Begin PBXProject section */
		C2AE2B42299E701F00D41016 /* Project object */ = {
			isa = PBXProject;
			attributes = {
				BuildIndependentTargetsInParallel = 1;
				LastSwiftUpdateCheck = 1340;
				LastUpgradeCheck = 1340;
				TargetAttributes = {
					C23996892A6172180044ED5E = {
						CreatedOnToolsVersion = 13.4.1;
						LastSwiftMigration = 1340;
					};
					C23996902A6172180044ED5E = {
						CreatedOnToolsVersion = 13.4.1;
						LastSwiftMigration = 1340;
					};
					C2AE2B4A299E701F00D41016 = {
						CreatedOnToolsVersion = 13.4.1;
						LastSwiftMigration = 1340;
					};
					C2AE2B52299E701F00D41016 = {
						CreatedOnToolsVersion = 13.4.1;
					};
					C2BE621429C0DB2D000A0819 = {
						CreatedOnToolsVersion = 13.4.1;
					};
					C2D1FF5F2A4C20B3004BA67B = {
						CreatedOnToolsVersion = 13.4.1;
					};
				};
			};
			buildConfigurationList = C2AE2B45299E701F00D41016 /* Build configuration list for PBXProject "EssentialFeed" */;
			compatibilityVersion = "Xcode 13.0";
			developmentRegion = en;
			hasScannedForEncodings = 0;
			knownRegions = (
				en,
				Base,
			);
			mainGroup = C2AE2B41299E701F00D41016;
			productRefGroup = C2AE2B4C299E701F00D41016 /* Products */;
			projectDirPath = "";
			projectRoot = "";
			targets = (
				C2AE2B4A299E701F00D41016 /* EssentialFeed */,
				C2AE2B52299E701F00D41016 /* EssentialFeedTests */,
				C2BE621429C0DB2D000A0819 /* EssentialFeedAPIEndToEndTests */,
				C2D1FF5F2A4C20B3004BA67B /* EssentialFeedCacheIntegrationTests */,
				C23996892A6172180044ED5E /* EssentialFeediOS */,
				C23996902A6172180044ED5E /* EssentialFeediOSTests */,
			);
		};
/* End PBXProject section */

/* Begin PBXResourcesBuildPhase section */
		C23996882A6172180044ED5E /* Resources */ = {
			isa = PBXResourcesBuildPhase;
			buildActionMask = 2147483647;
			files = (
			);
			runOnlyForDeploymentPostprocessing = 0;
		};
		C239968F2A6172180044ED5E /* Resources */ = {
			isa = PBXResourcesBuildPhase;
			buildActionMask = 2147483647;
			files = (
			);
			runOnlyForDeploymentPostprocessing = 0;
		};
		C2AE2B49299E701F00D41016 /* Resources */ = {
			isa = PBXResourcesBuildPhase;
			buildActionMask = 2147483647;
			files = (
			);
			runOnlyForDeploymentPostprocessing = 0;
		};
		C2AE2B51299E701F00D41016 /* Resources */ = {
			isa = PBXResourcesBuildPhase;
			buildActionMask = 2147483647;
			files = (
			);
			runOnlyForDeploymentPostprocessing = 0;
		};
		C2BE621329C0DB2D000A0819 /* Resources */ = {
			isa = PBXResourcesBuildPhase;
			buildActionMask = 2147483647;
			files = (
			);
			runOnlyForDeploymentPostprocessing = 0;
		};
		C2D1FF5E2A4C20B3004BA67B /* Resources */ = {
			isa = PBXResourcesBuildPhase;
			buildActionMask = 2147483647;
			files = (
			);
			runOnlyForDeploymentPostprocessing = 0;
		};
/* End PBXResourcesBuildPhase section */

/* Begin PBXSourcesBuildPhase section */
		C23996862A6172180044ED5E /* Sources */ = {
			isa = PBXSourcesBuildPhase;
			buildActionMask = 2147483647;
			files = (
				C2E368992A711814005C8E24 /* UIView+Shimmering.swift in Sources */,
				C22958882A67E46400490889 /* FeedViewController.swift in Sources */,
				C229588A2A692D3A00490889 /* FeedImageCell.swift in Sources */,
			);
			runOnlyForDeploymentPostprocessing = 0;
		};
		C239968D2A6172180044ED5E /* Sources */ = {
			isa = PBXSourcesBuildPhase;
			buildActionMask = 2147483647;
			files = (
				C26264B12A66895300BDD4CF /* FeedViewControllerTests.swift in Sources */,
				C221B8162A84DBA400AF695D /* UIButton+TestHelpers.swift in Sources */,
				C221B8142A84DB3900AF695D /* UIRefreshControl+TestHelpers.swift in Sources */,
				C221B8182A84DC8B00AF695D /* UIControl+TestHelpers.swift in Sources */,
				C221B81E2A84E10900AF695D /* FeedViewController+TestHelpers.swift in Sources */,
				C26264B42A66CF8900BDD4CF /* XCTestCase+MemoryLeakTracking.swift in Sources */,
				C221B8122A84DA1600AF695D /* UIImage+TestHelpers.swift in Sources */,
				C221B8202A84E5B400AF695D /* FeedImageCell+TestHelpers.swift in Sources */,
			);
			runOnlyForDeploymentPostprocessing = 0;
		};
		C2AE2B47299E701F00D41016 /* Sources */ = {
			isa = PBXSourcesBuildPhase;
			buildActionMask = 2147483647;
			files = (
				C216BA0E2A497A640041AF03 /* CoreDataHelpers.swift in Sources */,
				C2848AB129ACD66500635CC1 /* FeedItemsMapper.swift in Sources */,
				C2AE2B66299E71D400D41016 /* FeedLoader.swift in Sources */,
				C288F7F32A0B9AE30017E2DB /* RemoteFeedItem.swift in Sources */,
				C2706F052A318FB300156BB8 /* FeedCachePolicy.swift in Sources */,
				C2DA163A29A1168D0000E79F /* RemoteFeedLoader.swift in Sources */,
				C24381F02A45C4250069A1C3 /* FeedStore.xcdatamodeld in Sources */,
				C288F7F52A0B9B3D0017E2DB /* LocalFeedImage.swift in Sources */,
				C202FF1E2A0A536B000E2F15 /* FeedStore.swift in Sources */,
				C202FF1C2A0A52A4000E2F15 /* LocalFeedLoader.swift in Sources */,
				C2848AAF29ACD4A900635CC1 /* HTTPClient.swift in Sources */,
				C2AE2B64299E703200D41016 /* FeedImage.swift in Sources */,
				C2B4776E29C088A00068AD3E /* URLSessionHTTPClient.swift in Sources */,
				C216BA102A497BB40041AF03 /* ManagedCache.swift in Sources */,
				C2AB6BD32A45B924009CEB8F /* CoreDataFeedStore.swift in Sources */,
				C216BA122A497C190041AF03 /* ManagedFeedImage.swift in Sources */,
			);
			runOnlyForDeploymentPostprocessing = 0;
		};
		C2AE2B4F299E701F00D41016 /* Sources */ = {
			isa = PBXSourcesBuildPhase;
			buildActionMask = 2147483647;
			files = (
				C20543F22A307131005C0E02 /* FeedCacheTestHelpers.swift in Sources */,
				C26ADEAE2A14F2F0008946E3 /* ValidateFeedCacheUseCaseTests.swift in Sources */,
				C259A849299F6E7E00E38410 /* LoadFeedFromRemoteUseCaseTests.swift in Sources */,
				C24B3BBE2A444EA000296E9B /* XCTestCase+FailableInsertFeedStoreSpecs.swift in Sources */,
				C2D8CAA229B5D272008886AD /* URLSessionHTTPClientTests.swift in Sources */,
				C2D935022A0D06BE005F7ED1 /* FeedStoreSpy.swift in Sources */,
				C20543F42A307257005C0E02 /* SharedTestHelpers.swift in Sources */,
				C2414B4B29FBC47A00CE5312 /* CacheFeedUseCaseTests.swift in Sources */,
				C21946C02A446B640022307E /* XCTestCase+FailableDeleteFeedStoreSpecs.swift in Sources */,
				C24B3BBC2A444CBF00296E9B /* XCTestCase+FailableRetrieveFeedStoreSpecs.swift in Sources */,
				C2D934FF2A0D0254005F7ED1 /* LoadFeedFromCacheUseCaseTests.swift in Sources */,
				C24B3BB82A443DDE00296E9B /* FeedStoreSpecs.swift in Sources */,
				C235ABD929B9D1ED00E47921 /* XCTestCase+MemoryLeakTracking.swift in Sources */,
				C2AB6BD12A45B5A1009CEB8F /* CoreDataFeedStoreTests.swift in Sources */,
				C24B3BBA2A4441C800296E9B /* XCTestCase+FeedStoreSpecs.swift in Sources */,
			);
			runOnlyForDeploymentPostprocessing = 0;
		};
		C2BE621129C0DB2D000A0819 /* Sources */ = {
			isa = PBXSourcesBuildPhase;
			buildActionMask = 2147483647;
			files = (
				C2BE621829C0DB2D000A0819 /* EssentialFeedAPIEndToEndTests.swift in Sources */,
				C2C129C429C1B70B00F1C836 /* XCTestCase+MemoryLeakTracking.swift in Sources */,
			);
			runOnlyForDeploymentPostprocessing = 0;
		};
		C2D1FF5C2A4C20B3004BA67B /* Sources */ = {
			isa = PBXSourcesBuildPhase;
			buildActionMask = 2147483647;
			files = (
				C2D1FF6C2A4C8AC9004BA67B /* SharedTestHelpers.swift in Sources */,
				C2D1FF632A4C20B3004BA67B /* EssentialFeedCacheIntegrationTests.swift in Sources */,
				C2D1FF6B2A4C82EB004BA67B /* FeedCacheTestHelpers.swift in Sources */,
				C2D1FF6A2A4C7549004BA67B /* XCTestCase+MemoryLeakTracking.swift in Sources */,
			);
			runOnlyForDeploymentPostprocessing = 0;
		};
/* End PBXSourcesBuildPhase section */

/* Begin PBXTargetDependency section */
		C23996942A6172180044ED5E /* PBXTargetDependency */ = {
			isa = PBXTargetDependency;
			target = C23996892A6172180044ED5E /* EssentialFeediOS */;
			targetProxy = C23996932A6172180044ED5E /* PBXContainerItemProxy */;
		};
		C2AE2B56299E701F00D41016 /* PBXTargetDependency */ = {
			isa = PBXTargetDependency;
			target = C2AE2B4A299E701F00D41016 /* EssentialFeed */;
			targetProxy = C2AE2B55299E701F00D41016 /* PBXContainerItemProxy */;
		};
		C2BE621B29C0DB2D000A0819 /* PBXTargetDependency */ = {
			isa = PBXTargetDependency;
			target = C2AE2B4A299E701F00D41016 /* EssentialFeed */;
			targetProxy = C2BE621A29C0DB2D000A0819 /* PBXContainerItemProxy */;
		};
		C2D1FF662A4C20B3004BA67B /* PBXTargetDependency */ = {
			isa = PBXTargetDependency;
			target = C2AE2B4A299E701F00D41016 /* EssentialFeed */;
			targetProxy = C2D1FF652A4C20B3004BA67B /* PBXContainerItemProxy */;
		};
/* End PBXTargetDependency section */

/* Begin XCBuildConfiguration section */
		C239969A2A6172180044ED5E /* Debug */ = {
			isa = XCBuildConfiguration;
			buildSettings = {
				CLANG_ENABLE_MODULES = YES;
				CODE_SIGN_STYLE = Automatic;
				CURRENT_PROJECT_VERSION = 1;
				DEFINES_MODULE = YES;
				DEVELOPMENT_TEAM = 7QM4CMGWJT;
				DYLIB_COMPATIBILITY_VERSION = 1;
				DYLIB_CURRENT_VERSION = 1;
				DYLIB_INSTALL_NAME_BASE = "@rpath";
				GENERATE_INFOPLIST_FILE = YES;
				INFOPLIST_KEY_NSHumanReadableCopyright = "";
				INSTALL_PATH = "$(LOCAL_LIBRARY_DIR)/Frameworks";
				IPHONEOS_DEPLOYMENT_TARGET = 15.5;
				LD_RUNPATH_SEARCH_PATHS = (
					"$(inherited)",
					"@executable_path/Frameworks",
					"@loader_path/Frameworks",
				);
				MARKETING_VERSION = 1.0;
				PRODUCT_BUNDLE_IDENTIFIER = com.thudo.EssentialFeediOS;
				PRODUCT_NAME = "$(TARGET_NAME:c99extidentifier)";
				SDKROOT = iphoneos;
				SKIP_INSTALL = YES;
				SWIFT_EMIT_LOC_STRINGS = YES;
				SWIFT_OPTIMIZATION_LEVEL = "-Onone";
				SWIFT_VERSION = 5.0;
				TARGETED_DEVICE_FAMILY = "1,2";
			};
			name = Debug;
		};
		C239969B2A6172180044ED5E /* Release */ = {
			isa = XCBuildConfiguration;
			buildSettings = {
				CLANG_ENABLE_MODULES = YES;
				CODE_SIGN_STYLE = Automatic;
				CURRENT_PROJECT_VERSION = 1;
				DEFINES_MODULE = YES;
				DEVELOPMENT_TEAM = 7QM4CMGWJT;
				DYLIB_COMPATIBILITY_VERSION = 1;
				DYLIB_CURRENT_VERSION = 1;
				DYLIB_INSTALL_NAME_BASE = "@rpath";
				GENERATE_INFOPLIST_FILE = YES;
				INFOPLIST_KEY_NSHumanReadableCopyright = "";
				INSTALL_PATH = "$(LOCAL_LIBRARY_DIR)/Frameworks";
				IPHONEOS_DEPLOYMENT_TARGET = 15.5;
				LD_RUNPATH_SEARCH_PATHS = (
					"$(inherited)",
					"@executable_path/Frameworks",
					"@loader_path/Frameworks",
				);
				MARKETING_VERSION = 1.0;
				PRODUCT_BUNDLE_IDENTIFIER = com.thudo.EssentialFeediOS;
				PRODUCT_NAME = "$(TARGET_NAME:c99extidentifier)";
				SDKROOT = iphoneos;
				SKIP_INSTALL = YES;
				SWIFT_EMIT_LOC_STRINGS = YES;
				SWIFT_VERSION = 5.0;
				TARGETED_DEVICE_FAMILY = "1,2";
				VALIDATE_PRODUCT = YES;
			};
			name = Release;
		};
		C239969D2A6172180044ED5E /* Debug */ = {
			isa = XCBuildConfiguration;
			buildSettings = {
				ALWAYS_EMBED_SWIFT_STANDARD_LIBRARIES = YES;
				CLANG_ENABLE_MODULES = YES;
				CODE_SIGN_STYLE = Automatic;
				CURRENT_PROJECT_VERSION = 1;
				DEVELOPMENT_TEAM = 7QM4CMGWJT;
				GENERATE_INFOPLIST_FILE = YES;
				IPHONEOS_DEPLOYMENT_TARGET = 15.5;
				LD_RUNPATH_SEARCH_PATHS = (
					"$(inherited)",
					"@executable_path/Frameworks",
					"@loader_path/Frameworks",
				);
				MARKETING_VERSION = 1.0;
				PRODUCT_BUNDLE_IDENTIFIER = com.thudo.EssentialFeediOSTests;
				PRODUCT_NAME = "$(TARGET_NAME)";
				SDKROOT = iphoneos;
				SWIFT_EMIT_LOC_STRINGS = NO;
				SWIFT_OPTIMIZATION_LEVEL = "-Onone";
				SWIFT_VERSION = 5.0;
				TARGETED_DEVICE_FAMILY = "1,2";
			};
			name = Debug;
		};
		C239969E2A6172180044ED5E /* Release */ = {
			isa = XCBuildConfiguration;
			buildSettings = {
				ALWAYS_EMBED_SWIFT_STANDARD_LIBRARIES = YES;
				CLANG_ENABLE_MODULES = YES;
				CODE_SIGN_STYLE = Automatic;
				CURRENT_PROJECT_VERSION = 1;
				DEVELOPMENT_TEAM = 7QM4CMGWJT;
				GENERATE_INFOPLIST_FILE = YES;
				IPHONEOS_DEPLOYMENT_TARGET = 15.5;
				LD_RUNPATH_SEARCH_PATHS = (
					"$(inherited)",
					"@executable_path/Frameworks",
					"@loader_path/Frameworks",
				);
				MARKETING_VERSION = 1.0;
				PRODUCT_BUNDLE_IDENTIFIER = com.thudo.EssentialFeediOSTests;
				PRODUCT_NAME = "$(TARGET_NAME)";
				SDKROOT = iphoneos;
				SWIFT_EMIT_LOC_STRINGS = NO;
				SWIFT_VERSION = 5.0;
				TARGETED_DEVICE_FAMILY = "1,2";
				VALIDATE_PRODUCT = YES;
			};
			name = Release;
		};
		C2AE2B5B299E701F00D41016 /* Debug */ = {
			isa = XCBuildConfiguration;
			buildSettings = {
				ALWAYS_SEARCH_USER_PATHS = NO;
				CLANG_ANALYZER_NONNULL = YES;
				CLANG_ANALYZER_NUMBER_OBJECT_CONVERSION = YES_AGGRESSIVE;
				CLANG_CXX_LANGUAGE_STANDARD = "gnu++17";
				CLANG_ENABLE_MODULES = YES;
				CLANG_ENABLE_OBJC_ARC = YES;
				CLANG_ENABLE_OBJC_WEAK = YES;
				CLANG_WARN_BLOCK_CAPTURE_AUTORELEASING = YES;
				CLANG_WARN_BOOL_CONVERSION = YES;
				CLANG_WARN_COMMA = YES;
				CLANG_WARN_CONSTANT_CONVERSION = YES;
				CLANG_WARN_DEPRECATED_OBJC_IMPLEMENTATIONS = YES;
				CLANG_WARN_DIRECT_OBJC_ISA_USAGE = YES_ERROR;
				CLANG_WARN_DOCUMENTATION_COMMENTS = YES;
				CLANG_WARN_EMPTY_BODY = YES;
				CLANG_WARN_ENUM_CONVERSION = YES;
				CLANG_WARN_INFINITE_RECURSION = YES;
				CLANG_WARN_INT_CONVERSION = YES;
				CLANG_WARN_NON_LITERAL_NULL_CONVERSION = YES;
				CLANG_WARN_OBJC_IMPLICIT_RETAIN_SELF = YES;
				CLANG_WARN_OBJC_LITERAL_CONVERSION = YES;
				CLANG_WARN_OBJC_ROOT_CLASS = YES_ERROR;
				CLANG_WARN_QUOTED_INCLUDE_IN_FRAMEWORK_HEADER = YES;
				CLANG_WARN_RANGE_LOOP_ANALYSIS = YES;
				CLANG_WARN_STRICT_PROTOTYPES = YES;
				CLANG_WARN_SUSPICIOUS_MOVE = YES;
				CLANG_WARN_UNGUARDED_AVAILABILITY = YES_AGGRESSIVE;
				CLANG_WARN_UNREACHABLE_CODE = YES;
				CLANG_WARN__DUPLICATE_METHOD_MATCH = YES;
				COPY_PHASE_STRIP = NO;
				CURRENT_PROJECT_VERSION = 1;
				DEBUG_INFORMATION_FORMAT = dwarf;
				ENABLE_STRICT_OBJC_MSGSEND = YES;
				ENABLE_TESTABILITY = YES;
				GCC_C_LANGUAGE_STANDARD = gnu11;
				GCC_DYNAMIC_NO_PIC = NO;
				GCC_NO_COMMON_BLOCKS = YES;
				GCC_OPTIMIZATION_LEVEL = 0;
				GCC_PREPROCESSOR_DEFINITIONS = (
					"DEBUG=1",
					"$(inherited)",
				);
				GCC_WARN_64_TO_32_BIT_CONVERSION = YES;
				GCC_WARN_ABOUT_RETURN_TYPE = YES_ERROR;
				GCC_WARN_UNDECLARED_SELECTOR = YES;
				GCC_WARN_UNINITIALIZED_AUTOS = YES_AGGRESSIVE;
				GCC_WARN_UNUSED_FUNCTION = YES;
				GCC_WARN_UNUSED_VARIABLE = YES;
				MACOSX_DEPLOYMENT_TARGET = 12.2;
				MTL_ENABLE_DEBUG_INFO = INCLUDE_SOURCE;
				MTL_FAST_MATH = YES;
				ONLY_ACTIVE_ARCH = YES;
				SDKROOT = macosx;
				SWIFT_ACTIVE_COMPILATION_CONDITIONS = DEBUG;
				SWIFT_OPTIMIZATION_LEVEL = "-Onone";
				VERSIONING_SYSTEM = "apple-generic";
				VERSION_INFO_PREFIX = "";
			};
			name = Debug;
		};
		C2AE2B5C299E701F00D41016 /* Release */ = {
			isa = XCBuildConfiguration;
			buildSettings = {
				ALWAYS_SEARCH_USER_PATHS = NO;
				CLANG_ANALYZER_NONNULL = YES;
				CLANG_ANALYZER_NUMBER_OBJECT_CONVERSION = YES_AGGRESSIVE;
				CLANG_CXX_LANGUAGE_STANDARD = "gnu++17";
				CLANG_ENABLE_MODULES = YES;
				CLANG_ENABLE_OBJC_ARC = YES;
				CLANG_ENABLE_OBJC_WEAK = YES;
				CLANG_WARN_BLOCK_CAPTURE_AUTORELEASING = YES;
				CLANG_WARN_BOOL_CONVERSION = YES;
				CLANG_WARN_COMMA = YES;
				CLANG_WARN_CONSTANT_CONVERSION = YES;
				CLANG_WARN_DEPRECATED_OBJC_IMPLEMENTATIONS = YES;
				CLANG_WARN_DIRECT_OBJC_ISA_USAGE = YES_ERROR;
				CLANG_WARN_DOCUMENTATION_COMMENTS = YES;
				CLANG_WARN_EMPTY_BODY = YES;
				CLANG_WARN_ENUM_CONVERSION = YES;
				CLANG_WARN_INFINITE_RECURSION = YES;
				CLANG_WARN_INT_CONVERSION = YES;
				CLANG_WARN_NON_LITERAL_NULL_CONVERSION = YES;
				CLANG_WARN_OBJC_IMPLICIT_RETAIN_SELF = YES;
				CLANG_WARN_OBJC_LITERAL_CONVERSION = YES;
				CLANG_WARN_OBJC_ROOT_CLASS = YES_ERROR;
				CLANG_WARN_QUOTED_INCLUDE_IN_FRAMEWORK_HEADER = YES;
				CLANG_WARN_RANGE_LOOP_ANALYSIS = YES;
				CLANG_WARN_STRICT_PROTOTYPES = YES;
				CLANG_WARN_SUSPICIOUS_MOVE = YES;
				CLANG_WARN_UNGUARDED_AVAILABILITY = YES_AGGRESSIVE;
				CLANG_WARN_UNREACHABLE_CODE = YES;
				CLANG_WARN__DUPLICATE_METHOD_MATCH = YES;
				COPY_PHASE_STRIP = NO;
				CURRENT_PROJECT_VERSION = 1;
				DEBUG_INFORMATION_FORMAT = "dwarf-with-dsym";
				ENABLE_NS_ASSERTIONS = NO;
				ENABLE_STRICT_OBJC_MSGSEND = YES;
				GCC_C_LANGUAGE_STANDARD = gnu11;
				GCC_NO_COMMON_BLOCKS = YES;
				GCC_WARN_64_TO_32_BIT_CONVERSION = YES;
				GCC_WARN_ABOUT_RETURN_TYPE = YES_ERROR;
				GCC_WARN_UNDECLARED_SELECTOR = YES;
				GCC_WARN_UNINITIALIZED_AUTOS = YES_AGGRESSIVE;
				GCC_WARN_UNUSED_FUNCTION = YES;
				GCC_WARN_UNUSED_VARIABLE = YES;
				MACOSX_DEPLOYMENT_TARGET = 12.2;
				MTL_ENABLE_DEBUG_INFO = NO;
				MTL_FAST_MATH = YES;
				SDKROOT = macosx;
				SWIFT_COMPILATION_MODE = wholemodule;
				SWIFT_OPTIMIZATION_LEVEL = "-O";
				VERSIONING_SYSTEM = "apple-generic";
				VERSION_INFO_PREFIX = "";
			};
			name = Release;
		};
		C2AE2B5E299E701F00D41016 /* Debug */ = {
			isa = XCBuildConfiguration;
			buildSettings = {
				CLANG_ENABLE_MODULES = YES;
				CODE_SIGN_STYLE = Automatic;
				COMBINE_HIDPI_IMAGES = YES;
				CURRENT_PROJECT_VERSION = 1;
				DEFINES_MODULE = YES;
				DEVELOPMENT_TEAM = 7QM4CMGWJT;
				DYLIB_COMPATIBILITY_VERSION = 1;
				DYLIB_CURRENT_VERSION = 1;
				DYLIB_INSTALL_NAME_BASE = "@rpath";
				GENERATE_INFOPLIST_FILE = YES;
				INFOPLIST_KEY_NSHumanReadableCopyright = "";
				INSTALL_PATH = "$(LOCAL_LIBRARY_DIR)/Frameworks";
				LD_RUNPATH_SEARCH_PATHS = (
					"$(inherited)",
					"@executable_path/../Frameworks",
					"@loader_path/Frameworks",
				);
				MARKETING_VERSION = 1.0;
				PRODUCT_BUNDLE_IDENTIFIER = com.thudo.EssentialFeed;
				PRODUCT_NAME = "$(TARGET_NAME:c99extidentifier)";
				SKIP_INSTALL = YES;
				SUPPORTED_PLATFORMS = "macosx iphonesimulator iphoneos";
				SWIFT_EMIT_LOC_STRINGS = YES;
				SWIFT_OPTIMIZATION_LEVEL = "-Onone";
				SWIFT_VERSION = 5.0;
			};
			name = Debug;
		};
		C2AE2B5F299E701F00D41016 /* Release */ = {
			isa = XCBuildConfiguration;
			buildSettings = {
				CLANG_ENABLE_MODULES = YES;
				CODE_SIGN_STYLE = Automatic;
				COMBINE_HIDPI_IMAGES = YES;
				CURRENT_PROJECT_VERSION = 1;
				DEFINES_MODULE = YES;
				DEVELOPMENT_TEAM = 7QM4CMGWJT;
				DYLIB_COMPATIBILITY_VERSION = 1;
				DYLIB_CURRENT_VERSION = 1;
				DYLIB_INSTALL_NAME_BASE = "@rpath";
				GENERATE_INFOPLIST_FILE = YES;
				INFOPLIST_KEY_NSHumanReadableCopyright = "";
				INSTALL_PATH = "$(LOCAL_LIBRARY_DIR)/Frameworks";
				LD_RUNPATH_SEARCH_PATHS = (
					"$(inherited)",
					"@executable_path/../Frameworks",
					"@loader_path/Frameworks",
				);
				MARKETING_VERSION = 1.0;
				PRODUCT_BUNDLE_IDENTIFIER = com.thudo.EssentialFeed;
				PRODUCT_NAME = "$(TARGET_NAME:c99extidentifier)";
				SKIP_INSTALL = YES;
				SUPPORTED_PLATFORMS = "macosx iphonesimulator iphoneos";
				SWIFT_EMIT_LOC_STRINGS = YES;
				SWIFT_VERSION = 5.0;
			};
			name = Release;
		};
		C2AE2B61299E701F00D41016 /* Debug */ = {
			isa = XCBuildConfiguration;
			buildSettings = {
				ALWAYS_EMBED_SWIFT_STANDARD_LIBRARIES = YES;
				CODE_SIGN_STYLE = Automatic;
				CURRENT_PROJECT_VERSION = 1;
				DEVELOPMENT_TEAM = 7QM4CMGWJT;
				GENERATE_INFOPLIST_FILE = YES;
				MARKETING_VERSION = 1.0;
				PRODUCT_BUNDLE_IDENTIFIER = com.thudo.EssentialFeedTests;
				PRODUCT_NAME = "$(TARGET_NAME)";
				SUPPORTED_PLATFORMS = "macosx iphonesimulator iphoneos";
				SWIFT_EMIT_LOC_STRINGS = NO;
				SWIFT_VERSION = 5.0;
			};
			name = Debug;
		};
		C2AE2B62299E701F00D41016 /* Release */ = {
			isa = XCBuildConfiguration;
			buildSettings = {
				ALWAYS_EMBED_SWIFT_STANDARD_LIBRARIES = YES;
				CODE_SIGN_STYLE = Automatic;
				CURRENT_PROJECT_VERSION = 1;
				DEVELOPMENT_TEAM = 7QM4CMGWJT;
				GENERATE_INFOPLIST_FILE = YES;
				MARKETING_VERSION = 1.0;
				PRODUCT_BUNDLE_IDENTIFIER = com.thudo.EssentialFeedTests;
				PRODUCT_NAME = "$(TARGET_NAME)";
				SUPPORTED_PLATFORMS = "macosx iphonesimulator iphoneos";
				SWIFT_EMIT_LOC_STRINGS = NO;
				SWIFT_VERSION = 5.0;
			};
			name = Release;
		};
		C2BE621C29C0DB2D000A0819 /* Debug */ = {
			isa = XCBuildConfiguration;
			buildSettings = {
				CODE_SIGN_STYLE = Automatic;
				CURRENT_PROJECT_VERSION = 1;
				DEVELOPMENT_TEAM = 7QM4CMGWJT;
				GENERATE_INFOPLIST_FILE = YES;
				MARKETING_VERSION = 1.0;
				PRODUCT_BUNDLE_IDENTIFIER = com.thudo.EssentialFeedAPIEndToEndTests;
				PRODUCT_NAME = "$(TARGET_NAME)";
				SUPPORTED_PLATFORMS = "macosx iphonesimulator iphoneos";
				SWIFT_EMIT_LOC_STRINGS = NO;
				SWIFT_VERSION = 5.0;
			};
			name = Debug;
		};
		C2BE621D29C0DB2D000A0819 /* Release */ = {
			isa = XCBuildConfiguration;
			buildSettings = {
				CODE_SIGN_STYLE = Automatic;
				CURRENT_PROJECT_VERSION = 1;
				DEVELOPMENT_TEAM = 7QM4CMGWJT;
				GENERATE_INFOPLIST_FILE = YES;
				MARKETING_VERSION = 1.0;
				PRODUCT_BUNDLE_IDENTIFIER = com.thudo.EssentialFeedAPIEndToEndTests;
				PRODUCT_NAME = "$(TARGET_NAME)";
				SUPPORTED_PLATFORMS = "macosx iphonesimulator iphoneos";
				SWIFT_EMIT_LOC_STRINGS = NO;
				SWIFT_VERSION = 5.0;
			};
			name = Release;
		};
		C2D1FF672A4C20B3004BA67B /* Debug */ = {
			isa = XCBuildConfiguration;
			buildSettings = {
				CODE_SIGN_STYLE = Automatic;
				CURRENT_PROJECT_VERSION = 1;
				DEVELOPMENT_TEAM = 7QM4CMGWJT;
				GENERATE_INFOPLIST_FILE = YES;
				MARKETING_VERSION = 1.0;
				PRODUCT_BUNDLE_IDENTIFIER = com.thudo.EssentialFeedCacheIntegrationTests;
				PRODUCT_NAME = "$(TARGET_NAME)";
				SUPPORTED_PLATFORMS = "macosx iphonesimulator iphoneos";
				SWIFT_EMIT_LOC_STRINGS = NO;
				SWIFT_VERSION = 5.0;
			};
			name = Debug;
		};
		C2D1FF682A4C20B3004BA67B /* Release */ = {
			isa = XCBuildConfiguration;
			buildSettings = {
				CODE_SIGN_STYLE = Automatic;
				CURRENT_PROJECT_VERSION = 1;
				DEVELOPMENT_TEAM = 7QM4CMGWJT;
				GENERATE_INFOPLIST_FILE = YES;
				MARKETING_VERSION = 1.0;
				PRODUCT_BUNDLE_IDENTIFIER = com.thudo.EssentialFeedCacheIntegrationTests;
				PRODUCT_NAME = "$(TARGET_NAME)";
				SUPPORTED_PLATFORMS = "macosx iphonesimulator iphoneos";
				SWIFT_EMIT_LOC_STRINGS = NO;
				SWIFT_VERSION = 5.0;
			};
			name = Release;
		};
/* End XCBuildConfiguration section */

/* Begin XCConfigurationList section */
		C23996992A6172180044ED5E /* Build configuration list for PBXNativeTarget "EssentialFeediOS" */ = {
			isa = XCConfigurationList;
			buildConfigurations = (
				C239969A2A6172180044ED5E /* Debug */,
				C239969B2A6172180044ED5E /* Release */,
			);
			defaultConfigurationIsVisible = 0;
			defaultConfigurationName = Release;
		};
		C239969C2A6172180044ED5E /* Build configuration list for PBXNativeTarget "EssentialFeediOSTests" */ = {
			isa = XCConfigurationList;
			buildConfigurations = (
				C239969D2A6172180044ED5E /* Debug */,
				C239969E2A6172180044ED5E /* Release */,
			);
			defaultConfigurationIsVisible = 0;
			defaultConfigurationName = Release;
		};
		C2AE2B45299E701F00D41016 /* Build configuration list for PBXProject "EssentialFeed" */ = {
			isa = XCConfigurationList;
			buildConfigurations = (
				C2AE2B5B299E701F00D41016 /* Debug */,
				C2AE2B5C299E701F00D41016 /* Release */,
			);
			defaultConfigurationIsVisible = 0;
			defaultConfigurationName = Release;
		};
		C2AE2B5D299E701F00D41016 /* Build configuration list for PBXNativeTarget "EssentialFeed" */ = {
			isa = XCConfigurationList;
			buildConfigurations = (
				C2AE2B5E299E701F00D41016 /* Debug */,
				C2AE2B5F299E701F00D41016 /* Release */,
			);
			defaultConfigurationIsVisible = 0;
			defaultConfigurationName = Release;
		};
		C2AE2B60299E701F00D41016 /* Build configuration list for PBXNativeTarget "EssentialFeedTests" */ = {
			isa = XCConfigurationList;
			buildConfigurations = (
				C2AE2B61299E701F00D41016 /* Debug */,
				C2AE2B62299E701F00D41016 /* Release */,
			);
			defaultConfigurationIsVisible = 0;
			defaultConfigurationName = Release;
		};
		C2BE621E29C0DB2D000A0819 /* Build configuration list for PBXNativeTarget "EssentialFeedAPIEndToEndTests" */ = {
			isa = XCConfigurationList;
			buildConfigurations = (
				C2BE621C29C0DB2D000A0819 /* Debug */,
				C2BE621D29C0DB2D000A0819 /* Release */,
			);
			defaultConfigurationIsVisible = 0;
			defaultConfigurationName = Release;
		};
		C2D1FF692A4C20B3004BA67B /* Build configuration list for PBXNativeTarget "EssentialFeedCacheIntegrationTests" */ = {
			isa = XCConfigurationList;
			buildConfigurations = (
				C2D1FF672A4C20B3004BA67B /* Debug */,
				C2D1FF682A4C20B3004BA67B /* Release */,
			);
			defaultConfigurationIsVisible = 0;
			defaultConfigurationName = Release;
		};
/* End XCConfigurationList section */

/* Begin XCVersionGroup section */
		C24381EE2A45C4250069A1C3 /* FeedStore.xcdatamodeld */ = {
			isa = XCVersionGroup;
			children = (
				C24381EF2A45C4250069A1C3 /* FeedStore.xcdatamodel */,
			);
			currentVersion = C24381EF2A45C4250069A1C3 /* FeedStore.xcdatamodel */;
			path = FeedStore.xcdatamodeld;
			sourceTree = "<group>";
			versionGroupType = wrapper.xcdatamodel;
		};
/* End XCVersionGroup section */
	};
	rootObject = C2AE2B42299E701F00D41016 /* Project object */;
}
